{
  "requires": true,
  "lockfileVersion": 1,
  "dependencies": {
    "nodemailer": {
      "version": "4.4.0",
      "resolved": "https://registry.npmjs.org/nodemailer/-/nodemailer-4.4.0.tgz",
      "integrity": "sha512-d6E/wK/0Ijoh5v9si5nnkDTIPfz/1sCvwpIdqwoLscJtlNEp0ggysQxffu7tS/Bpv1bMNxl6cjgD3sL4UcYRrQ=="
    }
  }
}
